# THIS IS AN AUTOGENERATED FILE. DO NOT EDIT THIS FILE DIRECTLY.
# yarn lockfile v1


"@types/chrome@^0.0.139":
  version "0.0.139"
  resolved "https://registry.npmjs.org/@types/chrome/-/chrome-0.0.139.tgz#225fb926029d92e01ad24b5004c3cfed64376605"
  integrity sha512-YZDKFlSVGFp4zldJlO+PUpxMH8N9vLke0fD6K9PA+TzXxPXu8LBLo5X2dzlOs2N/n+uMdI1lw7OPT1Emop10lQ==
  dependencies:
    "@types/filesystem" "*"
    "@types/har-format" "*"

"@types/filesystem@*":
  version "0.0.30"
  resolved "https://registry.npmjs.org/@types/filesystem/-/filesystem-0.0.30.tgz#a7373a2edf34d13e298baf7ee1101f738b2efb7e"
  integrity sha512-NCoRgmGmLpTT9VFL6Bb6z0jQuqI3d0E5FGl7M0JOv/J5RQYo9s5aOItPYnpckx9MbYQk1APLXcF8f20Vqnf2yA==
  dependencies:
    "@types/filewriter" "*"

"@types/filewriter@*":
  version "0.0.29"
  resolved "https://registry.npmjs.org/@types/filewriter/-/filewriter-0.0.29.tgz#a48795ecadf957f6c0d10e0c34af86c098fa5bee"
  integrity sha512-BsPXH/irW0ht0Ji6iw/jJaK8Lj3FJemon2gvEqHKpCdDCeemHa+rI3WBGq5z7cDMZgoLjY40oninGxqk+8NzNQ==

"@types/har-format@*":
  version "1.2.5"
  resolved "https://registry.npmjs.org/@types/har-format/-/har-format-1.2.5.tgz#4f6648814d0fdcb6a510e3364a9db439a753c4b1"
  integrity sha512-IG8AE1m2pWtPqQ7wXhFhy6Q59bwwnLwO36v5Rit2FrbXCIp8Sk8E2PfUCreyrdo17STwFSKDAkitVuVYbpEHvQ==

prettier@^2.3.0:
  version "2.3.0"
  resolved "https://registry.npmjs.org/prettier/-/prettier-2.3.0.tgz#b6a5bf1284026ae640f17f7ff5658a7567fc0d18"
  integrity sha512-kXtO4s0Lz/DW/IJ9QdWhAf7/NmPWQXkFr/r/WkR3vyI+0v8amTDxiaQSLzs8NBlytfLWX/7uQUMIW677yLKl4w==

typescript@^4.2.4:
  version "4.2.4"
  resolved "https://registry.npmjs.org/typescript/-/typescript-4.2.4.tgz#8610b59747de028fda898a8aef0e103f156d0961"
  integrity sha512-V+evlYHZnQkaz8TRBuxTA92yZBPotr5H+WhQ7bD3hZUndx5tGOa1fuCgeSjxAzM1RiN5IzvadIXTVefuuwZCRg==
